schema: '2.0'
stages:
  stage_01:
    cmd: python stage_01.py
    deps:
    - path: stage_01.py
      hash: md5
      md5: a31e27cfadbba3efaabfd41c3fe13c61
      size: 94
    outs:
    - path: artifact.txt
      hash: md5
      md5: b0059ac563867d258b0d5c22954477f7
      size: 38
  stage_02:
    cmd: python stage_02.py
    deps:
    - path: artifact.txt
      hash: md5
      md5: b0059ac563867d258b0d5c22954477f7
      size: 38
    - path: stage_02.py
      hash: md5
      md5: a6eb4047584073918b5ab41ab764371e
      size: 105
  stage_03:
    cmd: python stage_03.py
    deps:
    - path: artifact.txt
      hash: md5
      md5: d18242340a67c08c858298aa8a654be9
      size: 63
    - path: stage_03.py
      hash: md5
      md5: 09c8d29e423e19923ed5571ff38f5ead
      size: 210
